// !$*UTF8*$!
{
	archiveVersion = 1;
	classes = {
	};
	objectVersion = 46;
	objects = {

/* Begin PBXBuildFile section */
		A20B505519ED5E6C00991FCE /* AppDelegate.swift in Sources */ = {isa = PBXBuildFile; fileRef = A20B505419ED5E6C00991FCE /* AppDelegate.swift */; };
		A20B505A19ED5E6C00991FCE /* Main.storyboard in Resources */ = {isa = PBXBuildFile; fileRef = A20B505819ED5E6C00991FCE /* Main.storyboard */; };
		A20B505C19ED5E6C00991FCE /* Images.xcassets in Resources */ = {isa = PBXBuildFile; fileRef = A20B505B19ED5E6C00991FCE /* Images.xcassets */; };
		A20B505F19ED5E6C00991FCE /* LaunchScreen.xib in Resources */ = {isa = PBXBuildFile; fileRef = A20B505D19ED5E6C00991FCE /* LaunchScreen.xib */; };
		A20B506B19ED5E6C00991FCE /* ToDoListTests.swift in Sources */ = {isa = PBXBuildFile; fileRef = A20B506A19ED5E6C00991FCE /* ToDoListTests.swift */; };
		A20B507519ED632E00991FCE /* MasterTableViewController.swift in Sources */ = {isa = PBXBuildFile; fileRef = A20B507419ED632E00991FCE /* MasterTableViewController.swift */; };
		A20B507719ED638700991FCE /* AddViewController.swift in Sources */ = {isa = PBXBuildFile; fileRef = A20B507619ED638700991FCE /* AddViewController.swift */; };
		A20B507919ED63D100991FCE /* DetailViewController.swift in Sources */ = {isa = PBXBuildFile; fileRef = A20B507819ED63D100991FCE /* DetailViewController.swift */; };
/* End PBXBuildFile section */

/* Begin PBXContainerItemProxy section */
		A20B506519ED5E6C00991FCE /* PBXContainerItemProxy */ = {
			isa = PBXContainerItemProxy;
			containerPortal = A20B504719ED5E6C00991FCE /* Project object */;
			proxyType = 1;
			remoteGlobalIDString = A20B504E19ED5E6C00991FCE;
			remoteInfo = ToDoList;
		};
/* End PBXContainerItemProxy section */

/* Begin PBXFileReference section */
		A20B504F19ED5E6C00991FCE /* ToDoList.app */ = {isa = PBXFileReference; explicitFileType = wrapper.application; includeInIndex = 0; path = ToDoList.app; sourceTree = BUILT_PRODUCTS_DIR; };
		A20B505319ED5E6C00991FCE /* Info.plist */ = {isa = PBXFileReference; lastKnownFileType = text.plist.xml; path = Info.plist; sourceTree = "<group>"; };
		A20B505419ED5E6C00991FCE /* AppDelegate.swift */ = {isa = PBXFileReference; lastKnownFileType = sourcecode.swift; path = AppDelegate.swift; sourceTree = "<group>"; };
		A20B505919ED5E6C00991FCE /* Base */ = {isa = PBXFileReference; lastKnownFileType = file.storyboard; name = Base; path = Base.lproj/Main.storyboard; sourceTree = "<group>"; };
		A20B505B19ED5E6C00991FCE /* Images.xcassets */ = {isa = PBXFileReference; lastKnownFileType = folder.assetcatalog; path = Images.xcassets; sourceTree = "<group>"; };
		A20B505E19ED5E6C00991FCE /* Base */ = {isa = PBXFileReference; lastKnownFileType = file.xib; name = Base; path = Base.lproj/LaunchScreen.xib; sourceTree = "<group>"; };
		A20B506419ED5E6C00991FCE /* ToDoListTests.xctest */ = {isa = PBXFileReference; explicitFileType = wrapper.cfbundle; includeInIndex = 0; path = ToDoListTests.xctest; sourceTree = BUILT_PRODUCTS_DIR; };
		A20B506919ED5E6C00991FCE /* Info.plist */ = {isa = PBXFileReference; lastKnownFileType = text.plist.xml; path = Info.plist; sourceTree = "<group>"; };
		A20B506A19ED5E6C00991FCE /* ToDoListTests.swift */ = {isa = PBXFileReference; lastKnownFileType = sourcecode.swift; path = ToDoListTests.swift; sourceTree = "<group>"; };
		A20B507419ED632E00991FCE /* MasterTableViewController.swift */ = {isa = PBXFileReference; fileEncoding = 4; lastKnownFileType = sourcecode.swift; path = MasterTableViewController.swift; sourceTree = "<group>"; };
		A20B507619ED638700991FCE /* AddViewController.swift */ = {isa = PBXFileReference; fileEncoding = 4; lastKnownFileType = sourcecode.swift; path = AddViewController.swift; sourceTree = "<group>"; };
		A20B507819ED63D100991FCE /* DetailViewController.swift */ = {isa = PBXFileReference; fileEncoding = 4; lastKnownFileType = sourcecode.swift; path = DetailViewController.swift; sourceTree = "<group>"; };
/* End PBXFileReference section */

/* Begin PBXFrameworksBuildPhase section */
		A20B504C19ED5E6C00991FCE /* Frameworks */ = {
			isa = PBXFrameworksBuildPhase;
			buildActionMask = 2147483647;
			files = (
			);
			runOnlyForDeploymentPostprocessing = 0;
		};
		A20B506119ED5E6C00991FCE /* Frameworks */ = {
			isa = PBXFrameworksBuildPhase;
			buildActionMask = 2147483647;
			files = (
			);
			runOnlyForDeploymentPostprocessing = 0;
		};
/* End PBXFrameworksBuildPhase section */

/* Begin PBXGroup section */
		A20B504619ED5E6C00991FCE = {
			isa = PBXGroup;
			children = (
				A20B505119ED5E6C00991FCE /* ToDoList */,
				A20B506719ED5E6C00991FCE /* ToDoListTests */,
				A20B505019ED5E6C00991FCE /* Products */,
			);
			sourceTree = "<group>";
		};
		A20B505019ED5E6C00991FCE /* Products */ = {
			isa = PBXGroup;
			children = (
				A20B504F19ED5E6C00991FCE /* ToDoList.app */,
				A20B506419ED5E6C00991FCE /* ToDoListTests.xctest */,
			);
			name = Products;
			sourceTree = "<group>";
		};
		A20B505119ED5E6C00991FCE /* ToDoList */ = {
			isa = PBXGroup;
			children = (
				A20B505419ED5E6C00991FCE /* AppDelegate.swift */,
				A20B507419ED632E00991FCE /* MasterTableViewController.swift */,
				A20B507619ED638700991FCE /* AddViewController.swift */,
				A20B507819ED63D100991FCE /* DetailViewController.swift */,
				A20B505819ED5E6C00991FCE /* Main.storyboard */,
				A20B505B19ED5E6C00991FCE /* Images.xcassets */,
				A20B505D19ED5E6C00991FCE /* LaunchScreen.xib */,
				A20B505219ED5E6C00991FCE /* Supporting Files */,
			);
			path = ToDoList;
			sourceTree = "<group>";
		};
		A20B505219ED5E6C00991FCE /* Supporting Files */ = {
			isa = PBXGroup;
			children = (
				A20B505319ED5E6C00991FCE /* Info.plist */,
			);
			name = "Supporting Files";
			sourceTree = "<group>";
		};
		A20B506719ED5E6C00991FCE /* ToDoListTests */ = {
			isa = PBXGroup;
			children = (
				A20B506A19ED5E6C00991FCE /* ToDoListTests.swift */,
				A20B506819ED5E6C00991FCE /* Supporting Files */,
			);
			path = ToDoListTests;
			sourceTree = "<group>";
		};
		A20B506819ED5E6C00991FCE /* Supporting Files */ = {
			isa = PBXGroup;
			children = (
				A20B506919ED5E6C00991FCE /* Info.plist */,
			);
			name = "Supporting Files";
			sourceTree = "<group>";
		};
/* End PBXGroup section */

/* Begin PBXNativeTarget section */
		A20B504E19ED5E6C00991FCE /* ToDoList */ = {
			isa = PBXNativeTarget;
			buildConfigurationList = A20B506E19ED5E6C00991FCE /* Build configuration list for PBXNativeTarget "ToDoList" */;
			buildPhases = (
				A20B504B19ED5E6C00991FCE /* Sources */,
				A20B504C19ED5E6C00991FCE /* Frameworks */,
				A20B504D19ED5E6C00991FCE /* Resources */,
			);
			buildRules = (
			);
			dependencies = (
			);
			name = ToDoList;
			productName = ToDoList;
			productReference = A20B504F19ED5E6C00991FCE /* ToDoList.app */;
			productType = "com.apple.product-type.application";
		};
		A20B506319ED5E6C00991FCE /* ToDoListTests */ = {
			isa = PBXNativeTarget;
			buildConfigurationList = A20B507119ED5E6C00991FCE /* Build configuration list for PBXNativeTarget "ToDoListTests" */;
			buildPhases = (
				A20B506019ED5E6C00991FCE /* Sources */,
				A20B506119ED5E6C00991FCE /* Frameworks */,
				A20B506219ED5E6C00991FCE /* Resources */,
			);
			buildRules = (
			);
			dependencies = (
				A20B506619ED5E6C00991FCE /* PBXTargetDependency */,
			);
			name = ToDoListTests;
			productName = ToDoListTests;
			productReference = A20B506419ED5E6C00991FCE /* ToDoListTests.xctest */;
			productType = "com.apple.product-type.bundle.unit-test";
		};
/* End PBXNativeTarget section */

/* Begin PBXProject section */
		A20B504719ED5E6C00991FCE /* Project object */ = {
			isa = PBXProject;
			attributes = {
				LastUpgradeCheck = 0600;
				ORGANIZATIONNAME = kelly;
				TargetAttributes = {
					A20B504E19ED5E6C00991FCE = {
						CreatedOnToolsVersion = 6.0.1;
					};
					A20B506319ED5E6C00991FCE = {
						CreatedOnToolsVersion = 6.0.1;
						TestTargetID = A20B504E19ED5E6C00991FCE;
					};
				};
			};
			buildConfigurationList = A20B504A19ED5E6C00991FCE /* Build configuration list for PBXProject "ToDoList" */;
			compatibilityVersion = "Xcode 3.2";
			developmentRegion = English;
			hasScannedForEncodings = 0;
			knownRegions = (
				en,
				Base,
			);
			mainGroup = A20B504619ED5E6C00991FCE;
			productRefGroup = A20B505019ED5E6C00991FCE /* Products */;
			projectDirPath = "";
			projectRoot = "";
			targets = (
				A20B504E19ED5E6C00991FCE /* ToDoList */,
				A20B506319ED5E6C00991FCE /* ToDoListTests */,
			);
		};
/* End PBXProject section */

/* Begin PBXResourcesBuildPhase section */
		A20B504D19ED5E6C00991FCE /* Resources */ = {
			isa = PBXResourcesBuildPhase;
			buildActionMask = 2147483647;
			files = (
				A20B505A19ED5E6C00991FCE /* Main.storyboard in Resources */,
				A20B505F19ED5E6C00991FCE /* LaunchScreen.xib in Resources */,
				A20B505C19ED5E6C00991FCE /* Images.xcassets in Resources */,
			);
			runOnlyForDeploymentPostprocessing = 0;
		};
		A20B506219ED5E6C00991FCE /* Resources */ = {
			isa = PBXResourcesBuildPhase;
			buildActionMask = 2147483647;
			files = (
			);
			runOnlyForDeploymentPostprocessing = 0;
		};
/* End PBXResourcesBuildPhase section */

/* Begin PBXSourcesBuildPhase section */
		A20B504B19ED5E6C00991FCE /* Sources */ = {
			isa = PBXSourcesBuildPhase;
			buildActionMask = 2147483647;
			files = (
				A20B507519ED632E00991FCE /* MasterTableViewController.swift in Sources */,
				A20B507719ED638700991FCE /* AddViewController.swift in Sources */,
				A20B505519ED5E6C00991FCE /* AppDelegate.swift in Sources */,
				A20B507919ED63D100991FCE /* DetailViewController.swift in Sources */,
			);
			runOnlyForDeploymentPostprocessing = 0;
		};
		A20B506019ED5E6C00991FCE /* Sources */ = {
			isa = PBXSourcesBuildPhase;
			buildActionMask = 2147483647;
			files = (
				A20B506B19ED5E6C00991FCE /* ToDoListTests.swift in Sources */,
			);
			runOnlyForDeploymentPostprocessing = 0;
		};
/* End PBXSourcesBuildPhase section */

/* Begin PBXTargetDependency section */
		A20B506619ED5E6C00991FCE /* PBXTargetDependency */ = {
			isa = PBXTargetDependency;
			target = A20B504E19ED5E6C00991FCE /* ToDoList */;
			targetProxy = A20B506519ED5E6C00991FCE /* PBXContainerItemProxy */;
		};
/* End PBXTargetDependency section */

/* Begin PBXVariantGroup section */
		A20B505819ED5E6C00991FCE /* Main.storyboard */ = {
			isa = PBXVariantGroup;
			children = (
				A20B505919ED5E6C00991FCE /* Base */,
			);
			name = Main.storyboard;
			sourceTree = "<group>";
		};
		A20B505D19ED5E6C00991FCE /* LaunchScreen.xib */ = {
			isa = PBXVariantGroup;
			children = (
				A20B505E19ED5E6C00991FCE /* Base */,
			);
			name = LaunchScreen.xib;
			sourceTree = "<group>";
		};
/* End PBXVariantGroup section */

/* Begin XCBuildConfiguration section */
		A20B506C19ED5E6C00991FCE /* Debug */ = {
			isa = XCBuildConfiguration;
			buildSettings = {
				ALWAYS_SEARCH_USER_PATHS = NO;
				CLANG_CXX_LANGUAGE_STANDARD = "gnu++0x";
				CLANG_CXX_LIBRARY = "libc++";
				CLANG_ENABLE_MODULES = YES;
				CLANG_ENABLE_OBJC_ARC = YES;
				CLANG_WARN_BOOL_CONVERSION = YES;
				CLANG_WARN_CONSTANT_CONVERSION = YES;
				CLANG_WARN_DIRECT_OBJC_ISA_USAGE = YES_ERROR;
				CLANG_WARN_EMPTY_BODY = YES;
				CLANG_WARN_ENUM_CONVERSION = YES;
				CLANG_WARN_INT_CONVERSION = YES;
				CLANG_WARN_OBJC_ROOT_CLASS = YES_ERROR;
				CLANG_WARN_UNREACHABLE_CODE = YES;
				CLANG_WARN__DUPLICATE_METHOD_MATCH = YES;
				"CODE_SIGN_IDENTITY[sdk=iphoneos*]" = "iPhone Developer";
				COPY_PHASE_STRIP = NO;
				ENABLE_STRICT_OBJC_MSGSEND = YES;
				GCC_C_LANGUAGE_STANDARD = gnu99;
				GCC_DYNAMIC_NO_PIC = NO;
				GCC_OPTIMIZATION_LEVEL = 0;
				GCC_PREPROCESSOR_DEFINITIONS = (
					"DEBUG=1",
					"$(inherited)",
				);
				GCC_SYMBOLS_PRIVATE_EXTERN = NO;
				GCC_WARN_64_TO_32_BIT_CONVERSION = YES;
				GCC_WARN_ABOUT_RETURN_TYPE = YES_ERROR;
				GCC_WARN_UNDECLARED_SELECTOR = YES;
				GCC_WARN_UNINITIALIZED_AUTOS = YES_AGGRESSIVE;
				GCC_WARN_UNUSED_FUNCTION = YES;
				GCC_WARN_UNUSED_VARIABLE = YES;
				IPHONEOS_DEPLOYMENT_TARGET = 8.0;
				MTL_ENABLE_DEBUG_INFO = YES;
				ONLY_ACTIVE_ARCH = YES;
				SDKROOT = iphoneos;
				SWIFT_OPTIMIZATION_LEVEL = "-Onone";
			};
			name = Debug;
		};
		A20B506D19ED5E6C00991FCE /* Release */ = {
			isa = XCBuildConfiguration;
			buildSettings = {
				ALWAYS_SEARCH_USER_PATHS = NO;
				CLANG_CXX_LANGUAGE_STANDARD = "gnu++0x";
				CLANG_CXX_LIBRARY = "libc++";
				CLANG_ENABLE_MODULES = YES;
				CLANG_ENABLE_OBJC_ARC = YES;
				CLANG_WARN_BOOL_CONVERSION = YES;
				CLANG_WARN_CONSTANT_CONVERSION = YES;
				CLANG_WARN_DIRECT_OBJC_ISA_USAGE = YES_ERROR;
				CLANG_WARN_EMPTY_BODY = YES;
				CLANG_WARN_ENUM_CONVERSION = YES;
				CLANG_WARN_INT_CONVERSION = YES;
				CLANG_WARN_OBJC_ROOT_CLASS = YES_ERROR;
				CLANG_WARN_UNREACHABLE_CODE = YES;
				CLANG_WARN__DUPLICATE_METHOD_MATCH = YES;
				"CODE_SIGN_IDENTITY[sdk=iphoneos*]" = "iPhone Developer";
				COPY_PHASE_STRIP = YES;
				ENABLE_NS_ASSERTIONS = NO;
				ENABLE_STRICT_OBJC_MSGSEND = YES;
				GCC_C_LANGUAGE_STANDARD = gnu99;
				GCC_WARN_64_TO_32_BIT_CONVERSION = YES;
				GCC_WARN_ABOUT_RETURN_TYPE = YES_ERROR;
				GCC_WARN_UNDECLARED_SELECTOR = YES;
				GCC_WARN_UNINITIALIZED_AUTOS = YES_AGGRESSIVE;
				GCC_WARN_UNUSED_FUNCTION = YES;
				GCC_WARN_UNUSED_VARIABLE = YES;
				IPHONEOS_DEPLOYMENT_TARGET = 8.0;
				MTL_ENABLE_DEBUG_INFO = NO;
				SDKROOT = iphoneos;
				VALIDATE_PRODUCT = YES;
			};
			name = Release;
		};
		A20B506F19ED5E6C00991FCE /* Debug */ = {
			isa = XCBuildConfiguration;
			buildSettings = {
				ASSETCATALOG_COMPILER_APPICON_NAME = AppIcon;
				INFOPLIST_FILE = ToDoList/Info.plist;
				LD_RUNPATH_SEARCH_PATHS = "$(inherited) @executable_path/Frameworks";
				PRODUCT_NAME = "$(TARGET_NAME)";
			};
			name = Debug;
		};
		A20B507019ED5E6C00991FCE /* Release */ = {
			isa = XCBuildConfiguration;
			buildSettings = {
				ASSETCATALOG_COMPILER_APPICON_NAME = AppIcon;
				INFOPLIST_FILE = ToDoList/Info.plist;
				LD_RUNPATH_SEARCH_PATHS = "$(inherited) @executable_path/Frameworks";
				PRODUCT_NAME = "$(TARGET_NAME)";
			};
			name = Release;
		};
		A20B507219ED5E6C00991FCE /* Debug */ = {
			isa = XCBuildConfiguration;
			buildSettings = {
				BUNDLE_LOADER = "$(TEST_HOST)";
				FRAMEWORK_SEARCH_PATHS = (
					"$(SDKROOT)/Developer/Library/Frameworks",
					"$(inherited)",
				);
				GCC_PREPROCESSOR_DEFINITIONS = (
					"DEBUG=1",
					"$(inherited)",
				);
				INFOPLIST_FILE = ToDoListTests/Info.plist;
				LD_RUNPATH_SEARCH_PATHS = "$(inherited) @executable_path/Frameworks @loader_path/Frameworks";
				PRODUCT_NAME = "$(TARGET_NAME)";
				TEST_HOST = "$(BUILT_PRODUCTS_DIR)/ToDoList.app/ToDoList";
			};
			name = Debug;
		};
		A20B507319ED5E6C00991FCE /* Release */ = {
			isa = XCBuildConfiguration;
			buildSettings = {
				BUNDLE_LOADER = "$(TEST_HOST)";
				FRAMEWORK_SEARCH_PATHS = (
					"$(SDKROOT)/Developer/Library/Frameworks",
					"$(inherited)",
				);
				INFOPLIST_FILE = ToDoListTests/Info.plist;
				LD_RUNPATH_SEARCH_PATHS = "$(inherited) @executable_path/Frameworks @loader_path/Frameworks";
				PRODUCT_NAME = "$(TARGET_NAME)";
				TEST_HOST = "$(BUILT_PRODUCTS_DIR)/ToDoList.app/ToDoList";
			};
			name = Release;
		};
/* End XCBuildConfiguration section */

/* Begin XCConfigurationList section */
		A20B504A19ED5E6C00991FCE /* Build configuration list for PBXProject "ToDoList" */ = {
			isa = XCConfigurationList;
			buildConfigurations = (
				A20B506C19ED5E6C00991FCE /* Debug */,
				A20B506D19ED5E6C00991FCE /* Release */,
			);
			defaultConfigurationIsVisible = 0;
			defaultConfigurationName = Release;
		};
		A20B506E19ED5E6C00991FCE /* Build configuration list for PBXNativeTarget "ToDoList" */ = {
			isa = XCConfigurationList;
			buildConfigurations = (
				A20B506F19ED5E6C00991FCE /* Debug */,
				A20B507019ED5E6C00991FCE /* Release */,
			);
			defaultConfigurationIsVisible = 0;
		};
		A20B507119ED5E6C00991FCE /* Build configuration list for PBXNativeTarget "ToDoListTests" */ = {
			isa = XCConfigurationList;
			buildConfigurations = (
				A20B507219ED5E6C00991FCE /* Debug */,
				A20B507319ED5E6C00991FCE /* Release */,
			);
			defaultConfigurationIsVisible = 0;
		};
/* End XCConfigurationList section */
	};
	rootObject = A20B504719ED5E6C00991FCE /* Project object */;
}
